// !$*UTF8*$!
{
	archiveVersion = 1;
	classes = {
	};
	objectVersion = 48;
	objects = {

/* Begin PBXBuildFile section */
		02EE55FF3B509C9E8D256BE7 /* Pods_Nice_.framework in Frameworks */ = {isa = PBXBuildFile; fileRef = 202E2EBEA85B483FF7B8D504 /* Pods_Nice_.framework */; };
		3AFD3F171FB8AA78006E09A4 /* NPStartViewController.swift in Sources */ = {isa = PBXBuildFile; fileRef = 3AFD3F161FB8AA78006E09A4 /* NPStartViewController.swift */; };
		3AFD3F191FB8AA99006E09A4 /* NPDataViewController.swift in Sources */ = {isa = PBXBuildFile; fileRef = 3AFD3F181FB8AA99006E09A4 /* NPDataViewController.swift */; };
		9975465F1FB7BF9F00DCD71C /* AppDelegate.swift in Sources */ = {isa = PBXBuildFile; fileRef = 9975465E1FB7BF9F00DCD71C /* AppDelegate.swift */; };
		997546611FB7BF9F00DCD71C /* ViewController.swift in Sources */ = {isa = PBXBuildFile; fileRef = 997546601FB7BF9F00DCD71C /* ViewController.swift */; };
		997546641FB7BF9F00DCD71C /* Main.storyboard in Resources */ = {isa = PBXBuildFile; fileRef = 997546621FB7BF9F00DCD71C /* Main.storyboard */; };
		997546661FB7BF9F00DCD71C /* Assets.xcassets in Resources */ = {isa = PBXBuildFile; fileRef = 997546651FB7BF9F00DCD71C /* Assets.xcassets */; };
		997546691FB7BF9F00DCD71C /* LaunchScreen.storyboard in Resources */ = {isa = PBXBuildFile; fileRef = 997546671FB7BF9F00DCD71C /* LaunchScreen.storyboard */; };
/* End PBXBuildFile section */

/* Begin PBXFileReference section */
		1C100C16ED3E11FF70EE5906 /* Pods-Nice+.debug.xcconfig */ = {isa = PBXFileReference; includeInIndex = 1; lastKnownFileType = text.xcconfig; name = "Pods-Nice+.debug.xcconfig"; path = "Pods/Target Support Files/Pods-Nice+/Pods-Nice+.debug.xcconfig"; sourceTree = "<group>"; };
		202E2EBEA85B483FF7B8D504 /* Pods_Nice_.framework */ = {isa = PBXFileReference; explicitFileType = wrapper.framework; includeInIndex = 0; path = Pods_Nice_.framework; sourceTree = BUILT_PRODUCTS_DIR; };
		395224F964DAF50DE93FCF5D /* Pods-Nice+.release.xcconfig */ = {isa = PBXFileReference; includeInIndex = 1; lastKnownFileType = text.xcconfig; name = "Pods-Nice+.release.xcconfig"; path = "Pods/Target Support Files/Pods-Nice+/Pods-Nice+.release.xcconfig"; sourceTree = "<group>"; };
		3AFD3F161FB8AA78006E09A4 /* NPStartViewController.swift */ = {isa = PBXFileReference; lastKnownFileType = sourcecode.swift; path = NPStartViewController.swift; sourceTree = "<group>"; };
		3AFD3F181FB8AA99006E09A4 /* NPDataViewController.swift */ = {isa = PBXFileReference; lastKnownFileType = sourcecode.swift; path = NPDataViewController.swift; sourceTree = "<group>"; };
		9975465B1FB7BF9F00DCD71C /* Nice+.app */ = {isa = PBXFileReference; explicitFileType = wrapper.application; includeInIndex = 0; path = "Nice+.app"; sourceTree = BUILT_PRODUCTS_DIR; };
		9975465E1FB7BF9F00DCD71C /* AppDelegate.swift */ = {isa = PBXFileReference; lastKnownFileType = sourcecode.swift; path = AppDelegate.swift; sourceTree = "<group>"; };
		997546601FB7BF9F00DCD71C /* ViewController.swift */ = {isa = PBXFileReference; lastKnownFileType = sourcecode.swift; path = ViewController.swift; sourceTree = "<group>"; };
		997546631FB7BF9F00DCD71C /* Base */ = {isa = PBXFileReference; lastKnownFileType = file.storyboard; name = Base; path = Base.lproj/Main.storyboard; sourceTree = "<group>"; };
		997546651FB7BF9F00DCD71C /* Assets.xcassets */ = {isa = PBXFileReference; lastKnownFileType = folder.assetcatalog; path = Assets.xcassets; sourceTree = "<group>"; };
		997546681FB7BF9F00DCD71C /* Base */ = {isa = PBXFileReference; lastKnownFileType = file.storyboard; name = Base; path = Base.lproj/LaunchScreen.storyboard; sourceTree = "<group>"; };
		9975466A1FB7BF9F00DCD71C /* Info.plist */ = {isa = PBXFileReference; lastKnownFileType = text.plist.xml; path = Info.plist; sourceTree = "<group>"; };
/* End PBXFileReference section */

/* Begin PBXFrameworksBuildPhase section */
		997546581FB7BF9E00DCD71C /* Frameworks */ = {
			isa = PBXFrameworksBuildPhase;
			buildActionMask = 2147483647;
			files = (
				02EE55FF3B509C9E8D256BE7 /* Pods_Nice_.framework in Frameworks */,
			);
			runOnlyForDeploymentPostprocessing = 0;
		};
/* End PBXFrameworksBuildPhase section */

/* Begin PBXGroup section */
		3A2D1997007F5A7A1C4151B0 /* Frameworks */ = {
			isa = PBXGroup;
			children = (
				202E2EBEA85B483FF7B8D504 /* Pods_Nice_.framework */,
			);
			name = Frameworks;
			sourceTree = "<group>";
		};
		3EC8DCA58E8E99E52924F8F2 /* Pods */ = {
			isa = PBXGroup;
			children = (
				1C100C16ED3E11FF70EE5906 /* Pods-Nice+.debug.xcconfig */,
				395224F964DAF50DE93FCF5D /* Pods-Nice+.release.xcconfig */,
			);
			name = Pods;
			sourceTree = "<group>";
		};
		997546521FB7BF9E00DCD71C = {
			isa = PBXGroup;
			children = (
				9975465D1FB7BF9F00DCD71C /* Nice+ */,
				9975465C1FB7BF9F00DCD71C /* Products */,
				3EC8DCA58E8E99E52924F8F2 /* Pods */,
				3A2D1997007F5A7A1C4151B0 /* Frameworks */,
			);
			sourceTree = "<group>";
		};
		9975465C1FB7BF9F00DCD71C /* Products */ = {
			isa = PBXGroup;
			children = (
				9975465B1FB7BF9F00DCD71C /* Nice+.app */,
			);
			name = Products;
			sourceTree = "<group>";
		};
		9975465D1FB7BF9F00DCD71C /* Nice+ */ = {
			isa = PBXGroup;
			children = (
				9975465E1FB7BF9F00DCD71C /* AppDelegate.swift */,
				997546601FB7BF9F00DCD71C /* ViewController.swift */,
				3AFD3F161FB8AA78006E09A4 /* NPStartViewController.swift */,
				3AFD3F181FB8AA99006E09A4 /* NPDataViewController.swift */,
				997546621FB7BF9F00DCD71C /* Main.storyboard */,
				997546651FB7BF9F00DCD71C /* Assets.xcassets */,
				997546671FB7BF9F00DCD71C /* LaunchScreen.storyboard */,
				9975466A1FB7BF9F00DCD71C /* Info.plist */,
			);
			path = "Nice+";
			sourceTree = "<group>";
		};
/* End PBXGroup section */

/* Begin PBXNativeTarget section */
		9975465A1FB7BF9E00DCD71C /* Nice+ */ = {
			isa = PBXNativeTarget;
			buildConfigurationList = 9975466D1FB7BF9F00DCD71C /* Build configuration list for PBXNativeTarget "Nice+" */;
			buildPhases = (
				CCCA64FE2B9EA400EC7929EB /* [CP] Check Pods Manifest.lock */,
				997546571FB7BF9E00DCD71C /* Sources */,
				997546581FB7BF9E00DCD71C /* Frameworks */,
				997546591FB7BF9E00DCD71C /* Resources */,
				093180F602AD2B1B9D99585E /* [CP] Embed Pods Frameworks */,
				C4AB0B2DF0F0FB4249F34442 /* [CP] Copy Pods Resources */,
			);
			buildRules = (
			);
			dependencies = (
			);
			name = "Nice+";
			productName = "Nice+";
			productReference = 9975465B1FB7BF9F00DCD71C /* Nice+.app */;
			productType = "com.apple.product-type.application";
		};
/* End PBXNativeTarget section */

/* Begin PBXProject section */
		997546531FB7BF9E00DCD71C /* Project object */ = {
			isa = PBXProject;
			attributes = {
				LastSwiftUpdateCheck = 0910;
				LastUpgradeCheck = 0910;
				ORGANIZATIONNAME = gwu;
				TargetAttributes = {
					9975465A1FB7BF9E00DCD71C = {
						CreatedOnToolsVersion = 9.1;
						ProvisioningStyle = Automatic;
					};
				};
			};
			buildConfigurationList = 997546561FB7BF9E00DCD71C /* Build configuration list for PBXProject "Nice+" */;
			compatibilityVersion = "Xcode 8.0";
			developmentRegion = en;
			hasScannedForEncodings = 0;
			knownRegions = (
				en,
				Base,
			);
			mainGroup = 997546521FB7BF9E00DCD71C;
			productRefGroup = 9975465C1FB7BF9F00DCD71C /* Products */;
			projectDirPath = "";
			projectRoot = "";
			targets = (
				9975465A1FB7BF9E00DCD71C /* Nice+ */,
			);
		};
/* End PBXProject section */

/* Begin PBXResourcesBuildPhase section */
		997546591FB7BF9E00DCD71C /* Resources */ = {
			isa = PBXResourcesBuildPhase;
			buildActionMask = 2147483647;
			files = (
				997546691FB7BF9F00DCD71C /* LaunchScreen.storyboard in Resources */,
				997546661FB7BF9F00DCD71C /* Assets.xcassets in Resources */,
				997546641FB7BF9F00DCD71C /* Main.storyboard in Resources */,
			);
			runOnlyForDeploymentPostprocessing = 0;
		};
/* End PBXResourcesBuildPhase section */

/* Begin PBXShellScriptBuildPhase section */
		093180F602AD2B1B9D99585E /* [CP] Embed Pods Frameworks */ = {
			isa = PBXShellScriptBuildPhase;
			buildActionMask = 2147483647;
			files = (
			);
			inputPaths = (
				"${SRCROOT}/Pods/Target Support Files/Pods-Nice+/Pods-Nice+-frameworks.sh",
				"${BUILT_PRODUCTS_DIR}/Alamofire/Alamofire.framework",
				"${BUILT_PRODUCTS_DIR}/Bolts/Bolts.framework",
				"${BUILT_PRODUCTS_DIR}/FBSDKCoreKit/FBSDKCoreKit.framework",
				"${BUILT_PRODUCTS_DIR}/FBSDKLoginKit/FBSDKLoginKit.framework",
				"${BUILT_PRODUCTS_DIR}/FacebookCore/FacebookCore.framework",
				"${BUILT_PRODUCTS_DIR}/FacebookLogin/FacebookLogin.framework",
			);
			name = "[CP] Embed Pods Frameworks";
			outputPaths = (
				"${TARGET_BUILD_DIR}/${FRAMEWORKS_FOLDER_PATH}/Alamofire.framework",
				"${TARGET_BUILD_DIR}/${FRAMEWORKS_FOLDER_PATH}/Bolts.framework",
				"${TARGET_BUILD_DIR}/${FRAMEWORKS_FOLDER_PATH}/FBSDKCoreKit.framework",
				"${TARGET_BUILD_DIR}/${FRAMEWORKS_FOLDER_PATH}/FBSDKLoginKit.framework",
				"${TARGET_BUILD_DIR}/${FRAMEWORKS_FOLDER_PATH}/FacebookCore.framework",
				"${TARGET_BUILD_DIR}/${FRAMEWORKS_FOLDER_PATH}/FacebookLogin.framework",
			);
			runOnlyForDeploymentPostprocessing = 0;
			shellPath = /bin/sh;
			shellScript = "\"${SRCROOT}/Pods/Target Support Files/Pods-Nice+/Pods-Nice+-frameworks.sh\"\n";
			showEnvVarsInLog = 0;
		};
		C4AB0B2DF0F0FB4249F34442 /* [CP] Copy Pods Resources */ = {
			isa = PBXShellScriptBuildPhase;
			buildActionMask = 2147483647;
			files = (
			);
			inputPaths = (
			);
			name = "[CP] Copy Pods Resources";
			outputPaths = (
			);
			runOnlyForDeploymentPostprocessing = 0;
			shellPath = /bin/sh;
			shellScript = "\"${SRCROOT}/Pods/Target Support Files/Pods-Nice+/Pods-Nice+-resources.sh\"\n";
			showEnvVarsInLog = 0;
		};
		CCCA64FE2B9EA400EC7929EB /* [CP] Check Pods Manifest.lock */ = {
			isa = PBXShellScriptBuildPhase;
			buildActionMask = 2147483647;
			files = (
			);
			inputPaths = (
				"${PODS_PODFILE_DIR_PATH}/Podfile.lock",
				"${PODS_ROOT}/Manifest.lock",
			);
			name = "[CP] Check Pods Manifest.lock";
			outputPaths = (
				"$(DERIVED_FILE_DIR)/Pods-Nice+-checkManifestLockResult.txt",
			);
			runOnlyForDeploymentPostprocessing = 0;
			shellPath = /bin/sh;
			shellScript = "diff \"${PODS_PODFILE_DIR_PATH}/Podfile.lock\" \"${PODS_ROOT}/Manifest.lock\" > /dev/null\nif [ $? != 0 ] ; then\n    # print error to STDERR\n    echo \"error: The sandbox is not in sync with the Podfile.lock. Run 'pod install' or update your CocoaPods installation.\" >&2\n    exit 1\nfi\n# This output is used by Xcode 'outputs' to avoid re-running this script phase.\necho \"SUCCESS\" > \"${SCRIPT_OUTPUT_FILE_0}\"\n";
			showEnvVarsInLog = 0;
		};
/* End PBXShellScriptBuildPhase section */

/* Begin PBXSourcesBuildPhase section */
		997546571FB7BF9E00DCD71C /* Sources */ = {
			isa = PBXSourcesBuildPhase;
			buildActionMask = 2147483647;
			files = (
				3AFD3F191FB8AA99006E09A4 /* NPDataViewController.swift in Sources */,
				3AFD3F171FB8AA78006E09A4 /* NPStartViewController.swift in Sources */,
				997546611FB7BF9F00DCD71C /* ViewController.swift in Sources */,
				9975465F1FB7BF9F00DCD71C /* AppDelegate.swift in Sources */,
			);
			runOnlyForDeploymentPostprocessing = 0;
		};
/* End PBXSourcesBuildPhase section */

/* Begin PBXVariantGroup section */
		997546621FB7BF9F00DCD71C /* Main.storyboard */ = {
			isa = PBXVariantGroup;
			children = (
				997546631FB7BF9F00DCD71C /* Base */,
			);
			name = Main.storyboard;
			sourceTree = "<group>";
		};
		997546671FB7BF9F00DCD71C /* LaunchScreen.storyboard */ = {
			isa = PBXVariantGroup;
			children = (
				997546681FB7BF9F00DCD71C /* Base */,
			);
			name = LaunchScreen.storyboard;
			sourceTree = "<group>";
		};
/* End PBXVariantGroup section */

/* Begin XCBuildConfiguration section */
		9975466B1FB7BF9F00DCD71C /* Debug */ = {
			isa = XCBuildConfiguration;
			buildSettings = {
				ALWAYS_SEARCH_USER_PATHS = NO;
				CLANG_ANALYZER_NONNULL = YES;
				CLANG_ANALYZER_NUMBER_OBJECT_CONVERSION = YES_AGGRESSIVE;
				CLANG_CXX_LANGUAGE_STANDARD = "gnu++14";
				CLANG_CXX_LIBRARY = "libc++";
				CLANG_ENABLE_MODULES = YES;
				CLANG_ENABLE_OBJC_ARC = YES;
				CLANG_WARN_BLOCK_CAPTURE_AUTORELEASING = YES;
				CLANG_WARN_BOOL_CONVERSION = YES;
				CLANG_WARN_COMMA = YES;
				CLANG_WARN_CONSTANT_CONVERSION = YES;
				CLANG_WARN_DIRECT_OBJC_ISA_USAGE = YES_ERROR;
				CLANG_WARN_DOCUMENTATION_COMMENTS = YES;
				CLANG_WARN_EMPTY_BODY = YES;
				CLANG_WARN_ENUM_CONVERSION = YES;
				CLANG_WARN_INFINITE_RECURSION = YES;
				CLANG_WARN_INT_CONVERSION = YES;
				CLANG_WARN_NON_LITERAL_NULL_CONVERSION = YES;
				CLANG_WARN_OBJC_LITERAL_CONVERSION = YES;
				CLANG_WARN_OBJC_ROOT_CLASS = YES_ERROR;
				CLANG_WARN_RANGE_LOOP_ANALYSIS = YES;
				CLANG_WARN_STRICT_PROTOTYPES = YES;
				CLANG_WARN_SUSPICIOUS_MOVE = YES;
				CLANG_WARN_UNGUARDED_AVAILABILITY = YES_AGGRESSIVE;
				CLANG_WARN_UNREACHABLE_CODE = YES;
				CLANG_WARN__DUPLICATE_METHOD_MATCH = YES;
				CODE_SIGN_IDENTITY = "iPhone Developer";
				COPY_PHASE_STRIP = NO;
				DEBUG_INFORMATION_FORMAT = dwarf;
				ENABLE_STRICT_OBJC_MSGSEND = YES;
				ENABLE_TESTABILITY = YES;
				GCC_C_LANGUAGE_STANDARD = gnu11;
				GCC_DYNAMIC_NO_PIC = NO;
				GCC_NO_COMMON_BLOCKS = YES;
				GCC_OPTIMIZATION_LEVEL = 0;
				GCC_PREPROCESSOR_DEFINITIONS = (
					"DEBUG=1",
					"$(inherited)",
				);
				GCC_WARN_64_TO_32_BIT_CONVERSION = YES;
				GCC_WARN_ABOUT_RETURN_TYPE = YES_ERROR;
				GCC_WARN_UNDECLARED_SELECTOR = YES;
				GCC_WARN_UNINITIALIZED_AUTOS = YES_AGGRESSIVE;
				GCC_WARN_UNUSED_FUNCTION = YES;
				GCC_WARN_UNUSED_VARIABLE = YES;
				IPHONEOS_DEPLOYMENT_TARGET = 11.1;
				MTL_ENABLE_DEBUG_INFO = YES;
				ONLY_ACTIVE_ARCH = YES;
				SDKROOT = iphoneos;
				SWIFT_ACTIVE_COMPILATION_CONDITIONS = DEBUG;
				SWIFT_OPTIMIZATION_LEVEL = "-Onone";
			};
			name = Debug;
		};
		9975466C1FB7BF9F00DCD71C /* Release */ = {
			isa = XCBuildConfiguration;
			buildSettings = {
				ALWAYS_SEARCH_USER_PATHS = NO;
				CLANG_ANALYZER_NONNULL = YES;
				CLANG_ANALYZER_NUMBER_OBJECT_CONVERSION = YES_AGGRESSIVE;
				CLANG_CXX_LANGUAGE_STANDARD = "gnu++14";
				CLANG_CXX_LIBRARY = "libc++";
				CLANG_ENABLE_MODULES = YES;
				CLANG_ENABLE_OBJC_ARC = YES;
				CLANG_WARN_BLOCK_CAPTURE_AUTORELEASING = YES;
				CLANG_WARN_BOOL_CONVERSION = YES;
				CLANG_WARN_COMMA = YES;
				CLANG_WARN_CONSTANT_CONVERSION = YES;
				CLANG_WARN_DIRECT_OBJC_ISA_USAGE = YES_ERROR;
				CLANG_WARN_DOCUMENTATION_COMMENTS = YES;
				CLANG_WARN_EMPTY_BODY = YES;
				CLANG_WARN_ENUM_CONVERSION = YES;
				CLANG_WARN_INFINITE_RECURSION = YES;
				CLANG_WARN_INT_CONVERSION = YES;
				CLANG_WARN_NON_LITERAL_NULL_CONVERSION = YES;
				CLANG_WARN_OBJC_LITERAL_CONVERSION = YES;
				CLANG_WARN_OBJC_ROOT_CLASS = YES_ERROR;
				CLANG_WARN_RANGE_LOOP_ANALYSIS = YES;
				CLANG_WARN_STRICT_PROTOTYPES = YES;
				CLANG_WARN_SUSPICIOUS_MOVE = YES;
				CLANG_WARN_UNGUARDED_AVAILABILITY = YES_AGGRESSIVE;
				CLANG_WARN_UNREACHABLE_CODE = YES;
				CLANG_WARN__DUPLICATE_METHOD_MATCH = YES;
				CODE_SIGN_IDENTITY = "iPhone Developer";
				COPY_PHASE_STRIP = NO;
				DEBUG_INFORMATION_FORMAT = "dwarf-with-dsym";
				ENABLE_NS_ASSERTIONS = NO;
				ENABLE_STRICT_OBJC_MSGSEND = YES;
				GCC_C_LANGUAGE_STANDARD = gnu11;
				GCC_NO_COMMON_BLOCKS = YES;
				GCC_WARN_64_TO_32_BIT_CONVERSION = YES;
				GCC_WARN_ABOUT_RETURN_TYPE = YES_ERROR;
				GCC_WARN_UNDECLARED_SELECTOR = YES;
				GCC_WARN_UNINITIALIZED_AUTOS = YES_AGGRESSIVE;
				GCC_WARN_UNUSED_FUNCTION = YES;
				GCC_WARN_UNUSED_VARIABLE = YES;
				IPHONEOS_DEPLOYMENT_TARGET = 11.1;
				MTL_ENABLE_DEBUG_INFO = NO;
				SDKROOT = iphoneos;
				SWIFT_OPTIMIZATION_LEVEL = "-Owholemodule";
				VALIDATE_PRODUCT = YES;
			};
			name = Release;
		};
		9975466E1FB7BF9F00DCD71C /* Debug */ = {
			isa = XCBuildConfiguration;
			baseConfigurationReference = 1C100C16ED3E11FF70EE5906 /* Pods-Nice+.debug.xcconfig */;
			buildSettings = {
				ASSETCATALOG_COMPILER_APPICON_NAME = AppIcon;
				CODE_SIGN_STYLE = Automatic;
				DEVELOPMENT_TEAM = UK9LSHMD3L;
				INFOPLIST_FILE = "Nice+/Info.plist";
				LD_RUNPATH_SEARCH_PATHS = "$(inherited) @executable_path/Frameworks";
				PRODUCT_BUNDLE_IDENTIFIER = "edu.gwu.Nice-";
				PRODUCT_NAME = "$(TARGET_NAME)";
				SWIFT_VERSION = 4.0;
				TARGETED_DEVICE_FAMILY = "1,2";
			};
			name = Debug;
		};
		9975466F1FB7BF9F00DCD71C /* Release */ = {
			isa = XCBuildConfiguration;
			baseConfigurationReference = 395224F964DAF50DE93FCF5D /* Pods-Nice+.release.xcconfig */;
			buildSettings = {
				ASSETCATALOG_COMPILER_APPICON_NAME = AppIcon;
				CODE_SIGN_STYLE = Automatic;
				DEVELOPMENT_TEAM = UK9LSHMD3L;
				INFOPLIST_FILE = "Nice+/Info.plist";
				LD_RUNPATH_SEARCH_PATHS = "$(inherited) @executable_path/Frameworks";
				PRODUCT_BUNDLE_IDENTIFIER = "edu.gwu.Nice-";
				PRODUCT_NAME = "$(TARGET_NAME)";
				SWIFT_VERSION = 4.0;
				TARGETED_DEVICE_FAMILY = "1,2";
			};
			name = Release;
		};
/* End XCBuildConfiguration section */

/* Begin XCConfigurationList section */
		997546561FB7BF9E00DCD71C /* Build configuration list for PBXProject "Nice+" */ = {
			isa = XCConfigurationList;
			buildConfigurations = (
				9975466B1FB7BF9F00DCD71C /* Debug */,
				9975466C1FB7BF9F00DCD71C /* Release */,
			);
			defaultConfigurationIsVisible = 0;
			defaultConfigurationName = Release;
		};
		9975466D1FB7BF9F00DCD71C /* Build configuration list for PBXNativeTarget "Nice+" */ = {
			isa = XCConfigurationList;
			buildConfigurations = (
				9975466E1FB7BF9F00DCD71C /* Debug */,
				9975466F1FB7BF9F00DCD71C /* Release */,
			);
			defaultConfigurationIsVisible = 0;
			defaultConfigurationName = Release;
		};
/* End XCConfigurationList section */
	};
	rootObject = 997546531FB7BF9E00DCD71C /* Project object */;
}
